// !$*UTF8*$!
{
	archiveVersion = 1;
	classes = {
	};
	objectVersion = 55;
	objects = {

/* Begin PBXBuildFile section */
		600AD34A28634D1C000F3632 /* swiftfulbApp.swift in Sources */ = {isa = PBXBuildFile; fileRef = 600AD34928634D1C000F3632 /* swiftfulbApp.swift */; };
		600AD34C28634D1C000F3632 /* ContentView.swift in Sources */ = {isa = PBXBuildFile; fileRef = 600AD34B28634D1C000F3632 /* ContentView.swift */; };
		600AD34E28634D1E000F3632 /* Assets.xcassets in Resources */ = {isa = PBXBuildFile; fileRef = 600AD34D28634D1E000F3632 /* Assets.xcassets */; };
		600AD35128634D1E000F3632 /* Preview Assets.xcassets in Resources */ = {isa = PBXBuildFile; fileRef = 600AD35028634D1E000F3632 /* Preview Assets.xcassets */; };
		6011A3BB28F44014002B2079 /* ContextMenuLearning.swift in Sources */ = {isa = PBXBuildFile; fileRef = 6011A3BA28F44014002B2079 /* ContextMenuLearning.swift */; };
		6011A3BD28F44786002B2079 /* TextFieldLearning.swift in Sources */ = {isa = PBXBuildFile; fileRef = 6011A3BC28F44786002B2079 /* TextFieldLearning.swift */; };
		6011A3BF28F4509F002B2079 /* TextEditorLearning.swift in Sources */ = {isa = PBXBuildFile; fileRef = 6011A3BE28F4509F002B2079 /* TextEditorLearning.swift */; };
		6011A3C128F45BDA002B2079 /* ToggleLearning.swift in Sources */ = {isa = PBXBuildFile; fileRef = 6011A3C028F45BDA002B2079 /* ToggleLearning.swift */; };
		6011A3C328F45E97002B2079 /* PickerLearning.swift in Sources */ = {isa = PBXBuildFile; fileRef = 6011A3C228F45E97002B2079 /* PickerLearning.swift */; };
		602C00DD28D6638800588C2F /* GridsLearning.swift in Sources */ = {isa = PBXBuildFile; fileRef = 602C00DC28D6638800588C2F /* GridsLearning.swift */; };
		602C00E028D66BC100588C2F /* SafeAreaLearning.swift in Sources */ = {isa = PBXBuildFile; fileRef = 602C00DF28D66BC100588C2F /* SafeAreaLearning.swift */; };
		602C00E228D6743500588C2F /* ButtonsLearning.swift in Sources */ = {isa = PBXBuildFile; fileRef = 602C00E128D6743500588C2F /* ButtonsLearning.swift */; };
		602C00E428D6831900588C2F /* StateLearning.swift in Sources */ = {isa = PBXBuildFile; fileRef = 602C00E328D6831900588C2F /* StateLearning.swift */; };
		602C00E628D6867800588C2F /* ExtractionLearning.swift in Sources */ = {isa = PBXBuildFile; fileRef = 602C00E528D6867800588C2F /* ExtractionLearning.swift */; };
		602C00E828D68C1F00588C2F /* ExtractSubviewsLearning.swift in Sources */ = {isa = PBXBuildFile; fileRef = 602C00E728D68C1F00588C2F /* ExtractSubviewsLearning.swift */; };
		602C00EA28D690B500588C2F /* BindingLearning.swift in Sources */ = {isa = PBXBuildFile; fileRef = 602C00E928D690B500588C2F /* BindingLearning.swift */; };
		602C00EC28D6940D00588C2F /* ConditionalLearning.swift in Sources */ = {isa = PBXBuildFile; fileRef = 602C00EB28D6940D00588C2F /* ConditionalLearning.swift */; };
		602C00EE28D8907500588C2F /* TernaryLearning.swift in Sources */ = {isa = PBXBuildFile; fileRef = 602C00ED28D8907500588C2F /* TernaryLearning.swift */; };
		602C00F028D89C1200588C2F /* AnimationLearning.swift in Sources */ = {isa = PBXBuildFile; fileRef = 602C00EF28D89C1200588C2F /* AnimationLearning.swift */; };
		602C00F228D8A82000588C2F /* TimingLearning.swift in Sources */ = {isa = PBXBuildFile; fileRef = 602C00F128D8A82000588C2F /* TimingLearning.swift */; };
		602C00F428D8BBD500588C2F /* TransitionLearning.swift in Sources */ = {isa = PBXBuildFile; fileRef = 602C00F328D8BBD500588C2F /* TransitionLearning.swift */; };
		602C00F628DC34C100588C2F /* SheetsLearning.swift in Sources */ = {isa = PBXBuildFile; fileRef = 602C00F528DC34C100588C2F /* SheetsLearning.swift */; };
		602C00F828DC3F1600588C2F /* PopoverLearning.swift in Sources */ = {isa = PBXBuildFile; fileRef = 602C00F728DC3F1600588C2F /* PopoverLearning.swift */; };
		602C00FA28DC4EEB00588C2F /* NavLearning.swift in Sources */ = {isa = PBXBuildFile; fileRef = 602C00F928DC4EEB00588C2F /* NavLearning.swift */; };
		602C00FC28DC5D0800588C2F /* ListLearning.swift in Sources */ = {isa = PBXBuildFile; fileRef = 602C00FB28DC5D0800588C2F /* ListLearning.swift */; };
		602C00FE28DC6FE600588C2F /* AlertLearning.swift in Sources */ = {isa = PBXBuildFile; fileRef = 602C00FD28DC6FE600588C2F /* AlertLearning.swift */; };
		602C010028DC856100588C2F /* ActionSheetLearning.swift in Sources */ = {isa = PBXBuildFile; fileRef = 602C00FF28DC856100588C2F /* ActionSheetLearning.swift */; };
		6076C6862AD8B83A004DB63B /* DarkModeLearning.swift in Sources */ = {isa = PBXBuildFile; fileRef = 6076C6852AD8B83A004DB63B /* DarkModeLearning.swift */; };
		6076C6882AD8BC6B004DB63B /* DocumentationLearning.swift in Sources */ = {isa = PBXBuildFile; fileRef = 6076C6872AD8BC6B004DB63B /* DocumentationLearning.swift */; };
		608073C52ABB2D6C001BB85A /* ColorPickerLearning.swift in Sources */ = {isa = PBXBuildFile; fileRef = 608073C42ABB2D6C001BB85A /* ColorPickerLearning.swift */; };
		60AB732F2AD88B3B00A92FF7 /* DatePickerLearning.swift in Sources */ = {isa = PBXBuildFile; fileRef = 60AB732E2AD88B3B00A92FF7 /* DatePickerLearning.swift */; };
		60AB73312AD8901C00A92FF7 /* StepperLearning.swift in Sources */ = {isa = PBXBuildFile; fileRef = 60AB73302AD8901C00A92FF7 /* StepperLearning.swift */; };
		60AB73332AD892A600A92FF7 /* SliderLearning.swift in Sources */ = {isa = PBXBuildFile; fileRef = 60AB73322AD892A600A92FF7 /* SliderLearning.swift */; };
		60AB73352AD8A8CD00A92FF7 /* TabViewLearning.swift in Sources */ = {isa = PBXBuildFile; fileRef = 60AB73342AD8A8CD00A92FF7 /* TabViewLearning.swift */; };
		60BF2D0228CA6F990017529C /* FrameLearning.swift in Sources */ = {isa = PBXBuildFile; fileRef = 60BF2D0128CA6F990017529C /* FrameLearning.swift */; };
		60BF2D0428CA7BC10017529C /* BgAndOverlayLearning.swift in Sources */ = {isa = PBXBuildFile; fileRef = 60BF2D0328CA7BC10017529C /* BgAndOverlayLearning.swift */; };
		60D4543B28A7E47100437745 /* TextLearning.swift in Sources */ = {isa = PBXBuildFile; fileRef = 60D4543A28A7E47100437745 /* TextLearning.swift */; };
		60D4543D28A7EE8A00437745 /* ShapesLearning.swift in Sources */ = {isa = PBXBuildFile; fileRef = 60D4543C28A7EE8A00437745 /* ShapesLearning.swift */; };
		60D4543F28A7F66400437745 /* ColorsLearning.swift in Sources */ = {isa = PBXBuildFile; fileRef = 60D4543E28A7F66400437745 /* ColorsLearning.swift */; };
		60D4544128A8050800437745 /* GradientsLearning.swift in Sources */ = {isa = PBXBuildFile; fileRef = 60D4544028A8050800437745 /* GradientsLearning.swift */; };
		60D4544328A80E0C00437745 /* IconsLearning.swift in Sources */ = {isa = PBXBuildFile; fileRef = 60D4544228A80E0C00437745 /* IconsLearning.swift */; };
		60D4544528A815CD00437745 /* ImageLearning.swift in Sources */ = {isa = PBXBuildFile; fileRef = 60D4544428A815CD00437745 /* ImageLearning.swift */; };
		60D635C528CD335100F35EE2 /* StacksLearning.swift in Sources */ = {isa = PBXBuildFile; fileRef = 60D635C428CD335100F35EE2 /* StacksLearning.swift */; };
		60D635C728CD3B1D00F35EE2 /* PaddingLearning.swift in Sources */ = {isa = PBXBuildFile; fileRef = 60D635C628CD3B1D00F35EE2 /* PaddingLearning.swift */; };
		60D635C928CD3F1D00F35EE2 /* SpacersLearning.swift in Sources */ = {isa = PBXBuildFile; fileRef = 60D635C828CD3F1D00F35EE2 /* SpacersLearning.swift */; };
		60D635CB28CD444D00F35EE2 /* InitsAndEnumsLearning.swift in Sources */ = {isa = PBXBuildFile; fileRef = 60D635CA28CD444D00F35EE2 /* InitsAndEnumsLearning.swift */; };
		60D635CD28CD4AAA00F35EE2 /* ForEachLearning.swift in Sources */ = {isa = PBXBuildFile; fileRef = 60D635CC28CD4AAA00F35EE2 /* ForEachLearning.swift */; };
		60D635CF28CD4E1C00F35EE2 /* ScrollViewLearning.swift in Sources */ = {isa = PBXBuildFile; fileRef = 60D635CE28CD4E1C00F35EE2 /* ScrollViewLearning.swift */; };
		60EA5E1C2AD9B7F10061A7FE /* OnAppearLearning.swift in Sources */ = {isa = PBXBuildFile; fileRef = 60EA5E1B2AD9B7F10061A7FE /* OnAppearLearning.swift */; };
		60EA5E202ADA0B130061A7FE /* IfLetGuardLearning.swift in Sources */ = {isa = PBXBuildFile; fileRef = 60EA5E1F2ADA0B130061A7FE /* IfLetGuardLearning.swift */; };
/* End PBXBuildFile section */

/* Begin PBXFileReference section */
		600AD34628634D1C000F3632 /* Learning.app */ = {isa = PBXFileReference; explicitFileType = wrapper.application; includeInIndex = 0; path = Learning.app; sourceTree = BUILT_PRODUCTS_DIR; };
		600AD34928634D1C000F3632 /* swiftfulbApp.swift */ = {isa = PBXFileReference; lastKnownFileType = sourcecode.swift; path = swiftfulbApp.swift; sourceTree = "<group>"; };
		600AD34B28634D1C000F3632 /* ContentView.swift */ = {isa = PBXFileReference; lastKnownFileType = sourcecode.swift; path = ContentView.swift; sourceTree = "<group>"; };
		600AD34D28634D1E000F3632 /* Assets.xcassets */ = {isa = PBXFileReference; lastKnownFileType = folder.assetcatalog; path = Assets.xcassets; sourceTree = "<group>"; };
		600AD35028634D1E000F3632 /* Preview Assets.xcassets */ = {isa = PBXFileReference; lastKnownFileType = folder.assetcatalog; path = "Preview Assets.xcassets"; sourceTree = "<group>"; };
		6011A3BA28F44014002B2079 /* ContextMenuLearning.swift */ = {isa = PBXFileReference; lastKnownFileType = sourcecode.swift; path = ContextMenuLearning.swift; sourceTree = "<group>"; };
		6011A3BC28F44786002B2079 /* TextFieldLearning.swift */ = {isa = PBXFileReference; lastKnownFileType = sourcecode.swift; path = TextFieldLearning.swift; sourceTree = "<group>"; };
		6011A3BE28F4509F002B2079 /* TextEditorLearning.swift */ = {isa = PBXFileReference; lastKnownFileType = sourcecode.swift; path = TextEditorLearning.swift; sourceTree = "<group>"; };
		6011A3C028F45BDA002B2079 /* ToggleLearning.swift */ = {isa = PBXFileReference; lastKnownFileType = sourcecode.swift; path = ToggleLearning.swift; sourceTree = "<group>"; };
		6011A3C228F45E97002B2079 /* PickerLearning.swift */ = {isa = PBXFileReference; lastKnownFileType = sourcecode.swift; path = PickerLearning.swift; sourceTree = "<group>"; };
		602C00DC28D6638800588C2F /* GridsLearning.swift */ = {isa = PBXFileReference; lastKnownFileType = sourcecode.swift; path = GridsLearning.swift; sourceTree = "<group>"; };
		602C00DF28D66BC100588C2F /* SafeAreaLearning.swift */ = {isa = PBXFileReference; lastKnownFileType = sourcecode.swift; path = SafeAreaLearning.swift; sourceTree = "<group>"; };
		602C00E128D6743500588C2F /* ButtonsLearning.swift */ = {isa = PBXFileReference; lastKnownFileType = sourcecode.swift; path = ButtonsLearning.swift; sourceTree = "<group>"; };
		602C00E328D6831900588C2F /* StateLearning.swift */ = {isa = PBXFileReference; lastKnownFileType = sourcecode.swift; path = StateLearning.swift; sourceTree = "<group>"; };
		602C00E528D6867800588C2F /* ExtractionLearning.swift */ = {isa = PBXFileReference; lastKnownFileType = sourcecode.swift; path = ExtractionLearning.swift; sourceTree = "<group>"; };
		602C00E728D68C1F00588C2F /* ExtractSubviewsLearning.swift */ = {isa = PBXFileReference; lastKnownFileType = sourcecode.swift; path = ExtractSubviewsLearning.swift; sourceTree = "<group>"; };
		602C00E928D690B500588C2F /* BindingLearning.swift */ = {isa = PBXFileReference; lastKnownFileType = sourcecode.swift; path = BindingLearning.swift; sourceTree = "<group>"; };
		602C00EB28D6940D00588C2F /* ConditionalLearning.swift */ = {isa = PBXFileReference; lastKnownFileType = sourcecode.swift; path = ConditionalLearning.swift; sourceTree = "<group>"; };
		602C00ED28D8907500588C2F /* TernaryLearning.swift */ = {isa = PBXFileReference; lastKnownFileType = sourcecode.swift; path = TernaryLearning.swift; sourceTree = "<group>"; };
		602C00EF28D89C1200588C2F /* AnimationLearning.swift */ = {isa = PBXFileReference; lastKnownFileType = sourcecode.swift; path = AnimationLearning.swift; sourceTree = "<group>"; };
		602C00F128D8A82000588C2F /* TimingLearning.swift */ = {isa = PBXFileReference; lastKnownFileType = sourcecode.swift; path = TimingLearning.swift; sourceTree = "<group>"; };
		602C00F328D8BBD500588C2F /* TransitionLearning.swift */ = {isa = PBXFileReference; lastKnownFileType = sourcecode.swift; path = TransitionLearning.swift; sourceTree = "<group>"; };
		602C00F528DC34C100588C2F /* SheetsLearning.swift */ = {isa = PBXFileReference; lastKnownFileType = sourcecode.swift; path = SheetsLearning.swift; sourceTree = "<group>"; };
		602C00F728DC3F1600588C2F /* PopoverLearning.swift */ = {isa = PBXFileReference; lastKnownFileType = sourcecode.swift; path = PopoverLearning.swift; sourceTree = "<group>"; };
		602C00F928DC4EEB00588C2F /* NavLearning.swift */ = {isa = PBXFileReference; lastKnownFileType = sourcecode.swift; path = NavLearning.swift; sourceTree = "<group>"; };
		602C00FB28DC5D0800588C2F /* ListLearning.swift */ = {isa = PBXFileReference; lastKnownFileType = sourcecode.swift; path = ListLearning.swift; sourceTree = "<group>"; };
		602C00FD28DC6FE600588C2F /* AlertLearning.swift */ = {isa = PBXFileReference; lastKnownFileType = sourcecode.swift; path = AlertLearning.swift; sourceTree = "<group>"; };
		602C00FF28DC856100588C2F /* ActionSheetLearning.swift */ = {isa = PBXFileReference; lastKnownFileType = sourcecode.swift; path = ActionSheetLearning.swift; sourceTree = "<group>"; };
		6076C6852AD8B83A004DB63B /* DarkModeLearning.swift */ = {isa = PBXFileReference; lastKnownFileType = sourcecode.swift; path = DarkModeLearning.swift; sourceTree = "<group>"; };
		6076C6872AD8BC6B004DB63B /* DocumentationLearning.swift */ = {isa = PBXFileReference; lastKnownFileType = sourcecode.swift; path = DocumentationLearning.swift; sourceTree = "<group>"; };
		608073C42ABB2D6C001BB85A /* ColorPickerLearning.swift */ = {isa = PBXFileReference; lastKnownFileType = sourcecode.swift; path = ColorPickerLearning.swift; sourceTree = "<group>"; };
		60AB732E2AD88B3B00A92FF7 /* DatePickerLearning.swift */ = {isa = PBXFileReference; lastKnownFileType = sourcecode.swift; path = DatePickerLearning.swift; sourceTree = "<group>"; };
		60AB73302AD8901C00A92FF7 /* StepperLearning.swift */ = {isa = PBXFileReference; lastKnownFileType = sourcecode.swift; path = StepperLearning.swift; sourceTree = "<group>"; };
		60AB73322AD892A600A92FF7 /* SliderLearning.swift */ = {isa = PBXFileReference; lastKnownFileType = sourcecode.swift; path = SliderLearning.swift; sourceTree = "<group>"; };
		60AB73342AD8A8CD00A92FF7 /* TabViewLearning.swift */ = {isa = PBXFileReference; lastKnownFileType = sourcecode.swift; path = TabViewLearning.swift; sourceTree = "<group>"; };
		60BF2D0128CA6F990017529C /* FrameLearning.swift */ = {isa = PBXFileReference; lastKnownFileType = sourcecode.swift; path = FrameLearning.swift; sourceTree = "<group>"; };
		60BF2D0328CA7BC10017529C /* BgAndOverlayLearning.swift */ = {isa = PBXFileReference; lastKnownFileType = sourcecode.swift; path = BgAndOverlayLearning.swift; sourceTree = "<group>"; };
		60D4543A28A7E47100437745 /* TextLearning.swift */ = {isa = PBXFileReference; lastKnownFileType = sourcecode.swift; path = TextLearning.swift; sourceTree = "<group>"; };
		60D4543C28A7EE8A00437745 /* ShapesLearning.swift */ = {isa = PBXFileReference; lastKnownFileType = sourcecode.swift; path = ShapesLearning.swift; sourceTree = "<group>"; };
		60D4543E28A7F66400437745 /* ColorsLearning.swift */ = {isa = PBXFileReference; lastKnownFileType = sourcecode.swift; path = ColorsLearning.swift; sourceTree = "<group>"; };
		60D4544028A8050800437745 /* GradientsLearning.swift */ = {isa = PBXFileReference; lastKnownFileType = sourcecode.swift; path = GradientsLearning.swift; sourceTree = "<group>"; };
		60D4544228A80E0C00437745 /* IconsLearning.swift */ = {isa = PBXFileReference; lastKnownFileType = sourcecode.swift; path = IconsLearning.swift; sourceTree = "<group>"; };
		60D4544428A815CD00437745 /* ImageLearning.swift */ = {isa = PBXFileReference; lastKnownFileType = sourcecode.swift; path = ImageLearning.swift; sourceTree = "<group>"; };
		60D635C428CD335100F35EE2 /* StacksLearning.swift */ = {isa = PBXFileReference; lastKnownFileType = sourcecode.swift; path = StacksLearning.swift; sourceTree = "<group>"; };
		60D635C628CD3B1D00F35EE2 /* PaddingLearning.swift */ = {isa = PBXFileReference; lastKnownFileType = sourcecode.swift; path = PaddingLearning.swift; sourceTree = "<group>"; };
		60D635C828CD3F1D00F35EE2 /* SpacersLearning.swift */ = {isa = PBXFileReference; lastKnownFileType = sourcecode.swift; path = SpacersLearning.swift; sourceTree = "<group>"; };
		60D635CA28CD444D00F35EE2 /* InitsAndEnumsLearning.swift */ = {isa = PBXFileReference; lastKnownFileType = sourcecode.swift; path = InitsAndEnumsLearning.swift; sourceTree = "<group>"; };
		60D635CC28CD4AAA00F35EE2 /* ForEachLearning.swift */ = {isa = PBXFileReference; lastKnownFileType = sourcecode.swift; path = ForEachLearning.swift; sourceTree = "<group>"; };
		60D635CE28CD4E1C00F35EE2 /* ScrollViewLearning.swift */ = {isa = PBXFileReference; lastKnownFileType = sourcecode.swift; path = ScrollViewLearning.swift; sourceTree = "<group>"; };
		60EA5E1B2AD9B7F10061A7FE /* OnAppearLearning.swift */ = {isa = PBXFileReference; lastKnownFileType = sourcecode.swift; path = OnAppearLearning.swift; sourceTree = "<group>"; };
		60EA5E1F2ADA0B130061A7FE /* IfLetGuardLearning.swift */ = {isa = PBXFileReference; lastKnownFileType = sourcecode.swift; path = IfLetGuardLearning.swift; sourceTree = "<group>"; };
/* End PBXFileReference section */

/* Begin PBXFrameworksBuildPhase section */
		600AD34328634D1C000F3632 /* Frameworks */ = {
			isa = PBXFrameworksBuildPhase;
			buildActionMask = 2147483647;
			files = (
			);
			runOnlyForDeploymentPostprocessing = 0;
		};
/* End PBXFrameworksBuildPhase section */

/* Begin PBXGroup section */
		600AD33D28634D1C000F3632 = {
			isa = PBXGroup;
			children = (
				600AD34828634D1C000F3632 /* swiftfulb */,
				600AD34728634D1C000F3632 /* Products */,
			);
			sourceTree = "<group>";
		};
		600AD34728634D1C000F3632 /* Products */ = {
			isa = PBXGroup;
			children = (
				600AD34628634D1C000F3632 /* Learning.app */,
			);
			name = Products;
			sourceTree = "<group>";
		};
		600AD34828634D1C000F3632 /* swiftfulb */ = {
			isa = PBXGroup;
			children = (
				600AD34928634D1C000F3632 /* swiftfulbApp.swift */,
				600AD34B28634D1C000F3632 /* ContentView.swift */,
				60D4543A28A7E47100437745 /* TextLearning.swift */,
				60D4543C28A7EE8A00437745 /* ShapesLearning.swift */,
				60D4543E28A7F66400437745 /* ColorsLearning.swift */,
				60D4544028A8050800437745 /* GradientsLearning.swift */,
				60D4544228A80E0C00437745 /* IconsLearning.swift */,
				60D4544428A815CD00437745 /* ImageLearning.swift */,
				60BF2D0128CA6F990017529C /* FrameLearning.swift */,
				60BF2D0328CA7BC10017529C /* BgAndOverlayLearning.swift */,
				60D635C428CD335100F35EE2 /* StacksLearning.swift */,
				60D635C628CD3B1D00F35EE2 /* PaddingLearning.swift */,
				60D635C828CD3F1D00F35EE2 /* SpacersLearning.swift */,
				60D635CA28CD444D00F35EE2 /* InitsAndEnumsLearning.swift */,
				60D635CC28CD4AAA00F35EE2 /* ForEachLearning.swift */,
				60D635CE28CD4E1C00F35EE2 /* ScrollViewLearning.swift */,
				602C00DC28D6638800588C2F /* GridsLearning.swift */,
				602C00DF28D66BC100588C2F /* SafeAreaLearning.swift */,
				602C00E128D6743500588C2F /* ButtonsLearning.swift */,
				602C00E328D6831900588C2F /* StateLearning.swift */,
				602C00E528D6867800588C2F /* ExtractionLearning.swift */,
				602C00E728D68C1F00588C2F /* ExtractSubviewsLearning.swift */,
				602C00E928D690B500588C2F /* BindingLearning.swift */,
				602C00EB28D6940D00588C2F /* ConditionalLearning.swift */,
				602C00ED28D8907500588C2F /* TernaryLearning.swift */,
				602C00EF28D89C1200588C2F /* AnimationLearning.swift */,
				602C00F128D8A82000588C2F /* TimingLearning.swift */,
				602C00F328D8BBD500588C2F /* TransitionLearning.swift */,
				602C00F528DC34C100588C2F /* SheetsLearning.swift */,
				602C00F728DC3F1600588C2F /* PopoverLearning.swift */,
				602C00F928DC4EEB00588C2F /* NavLearning.swift */,
				602C00FB28DC5D0800588C2F /* ListLearning.swift */,
				602C00FD28DC6FE600588C2F /* AlertLearning.swift */,
				602C00FF28DC856100588C2F /* ActionSheetLearning.swift */,
				6011A3BA28F44014002B2079 /* ContextMenuLearning.swift */,
				6011A3BC28F44786002B2079 /* TextFieldLearning.swift */,
				6011A3BE28F4509F002B2079 /* TextEditorLearning.swift */,
				6011A3C028F45BDA002B2079 /* ToggleLearning.swift */,
				6011A3C228F45E97002B2079 /* PickerLearning.swift */,
				608073C42ABB2D6C001BB85A /* ColorPickerLearning.swift */,
				60AB732E2AD88B3B00A92FF7 /* DatePickerLearning.swift */,
				60AB73302AD8901C00A92FF7 /* StepperLearning.swift */,
				60AB73322AD892A600A92FF7 /* SliderLearning.swift */,
				60AB73342AD8A8CD00A92FF7 /* TabViewLearning.swift */,
				6076C6852AD8B83A004DB63B /* DarkModeLearning.swift */,
				6076C6872AD8BC6B004DB63B /* DocumentationLearning.swift */,
				60EA5E1B2AD9B7F10061A7FE /* OnAppearLearning.swift */,
				60EA5E1F2ADA0B130061A7FE /* IfLetGuardLearning.swift */,
				600AD34D28634D1E000F3632 /* Assets.xcassets */,
				600AD34F28634D1E000F3632 /* Preview Content */,
			);
			path = swiftfulb;
			sourceTree = "<group>";
		};
		600AD34F28634D1E000F3632 /* Preview Content */ = {
			isa = PBXGroup;
			children = (
				600AD35028634D1E000F3632 /* Preview Assets.xcassets */,
			);
			path = "Preview Content";
			sourceTree = "<group>";
		};
/* End PBXGroup section */

/* Begin PBXNativeTarget section */
		600AD34528634D1C000F3632 /* swiftfulb */ = {
			isa = PBXNativeTarget;
			buildConfigurationList = 600AD35428634D1E000F3632 /* Build configuration list for PBXNativeTarget "swiftfulb" */;
			buildPhases = (
				600AD34228634D1C000F3632 /* Sources */,
				600AD34328634D1C000F3632 /* Frameworks */,
				600AD34428634D1C000F3632 /* Resources */,
			);
			buildRules = (
			);
			dependencies = (
			);
			name = swiftfulb;
			productName = swiftfulb;
			productReference = 600AD34628634D1C000F3632 /* Learning.app */;
			productType = "com.apple.product-type.application";
		};
/* End PBXNativeTarget section */

/* Begin PBXProject section */
		600AD33E28634D1C000F3632 /* Project object */ = {
			isa = PBXProject;
			attributes = {
				BuildIndependentTargetsInParallel = 1;
				LastSwiftUpdateCheck = 1330;
				LastUpgradeCheck = 1330;
				TargetAttributes = {
					600AD34528634D1C000F3632 = {
						CreatedOnToolsVersion = 13.3.1;
					};
				};
			};
			buildConfigurationList = 600AD34128634D1C000F3632 /* Build configuration list for PBXProject "swiftfulb" */;
			compatibilityVersion = "Xcode 13.0";
			developmentRegion = en;
			hasScannedForEncodings = 0;
			knownRegions = (
				en,
				Base,
			);
			mainGroup = 600AD33D28634D1C000F3632;
			productRefGroup = 600AD34728634D1C000F3632 /* Products */;
			projectDirPath = "";
			projectRoot = "";
			targets = (
				600AD34528634D1C000F3632 /* swiftfulb */,
			);
		};
/* End PBXProject section */

/* Begin PBXResourcesBuildPhase section */
		600AD34428634D1C000F3632 /* Resources */ = {
			isa = PBXResourcesBuildPhase;
			buildActionMask = 2147483647;
			files = (
				600AD35128634D1E000F3632 /* Preview Assets.xcassets in Resources */,
				600AD34E28634D1E000F3632 /* Assets.xcassets in Resources */,
			);
			runOnlyForDeploymentPostprocessing = 0;
		};
/* End PBXResourcesBuildPhase section */

/* Begin PBXSourcesBuildPhase section */
		600AD34228634D1C000F3632 /* Sources */ = {
			isa = PBXSourcesBuildPhase;
			buildActionMask = 2147483647;
			files = (
				602C00FA28DC4EEB00588C2F /* NavLearning.swift in Sources */,
				6011A3C328F45E97002B2079 /* PickerLearning.swift in Sources */,
				602C00F028D89C1200588C2F /* AnimationLearning.swift in Sources */,
				602C00EC28D6940D00588C2F /* ConditionalLearning.swift in Sources */,
				60EA5E1C2AD9B7F10061A7FE /* OnAppearLearning.swift in Sources */,
				60D4543B28A7E47100437745 /* TextLearning.swift in Sources */,
				60D4544528A815CD00437745 /* ImageLearning.swift in Sources */,
				6011A3BB28F44014002B2079 /* ContextMenuLearning.swift in Sources */,
				60D635C528CD335100F35EE2 /* StacksLearning.swift in Sources */,
				602C00F628DC34C100588C2F /* SheetsLearning.swift in Sources */,
				60AB73312AD8901C00A92FF7 /* StepperLearning.swift in Sources */,
				60AB73352AD8A8CD00A92FF7 /* TabViewLearning.swift in Sources */,
				60AB73332AD892A600A92FF7 /* SliderLearning.swift in Sources */,
				60D635C728CD3B1D00F35EE2 /* PaddingLearning.swift in Sources */,
				600AD34C28634D1C000F3632 /* ContentView.swift in Sources */,
				60D4543F28A7F66400437745 /* ColorsLearning.swift in Sources */,
				602C00EA28D690B500588C2F /* BindingLearning.swift in Sources */,
				602C00E228D6743500588C2F /* ButtonsLearning.swift in Sources */,
				60D635C928CD3F1D00F35EE2 /* SpacersLearning.swift in Sources */,
				602C00DD28D6638800588C2F /* GridsLearning.swift in Sources */,
				600AD34A28634D1C000F3632 /* swiftfulbApp.swift in Sources */,
				60D635CD28CD4AAA00F35EE2 /* ForEachLearning.swift in Sources */,
				60BF2D0428CA7BC10017529C /* BgAndOverlayLearning.swift in Sources */,
				6076C6862AD8B83A004DB63B /* DarkModeLearning.swift in Sources */,
				60BF2D0228CA6F990017529C /* FrameLearning.swift in Sources */,
				602C00EE28D8907500588C2F /* TernaryLearning.swift in Sources */,
				60EA5E202ADA0B130061A7FE /* IfLetGuardLearning.swift in Sources */,
				60D4543D28A7EE8A00437745 /* ShapesLearning.swift in Sources */,
				602C00F428D8BBD500588C2F /* TransitionLearning.swift in Sources */,
				602C00F228D8A82000588C2F /* TimingLearning.swift in Sources */,
				602C00F828DC3F1600588C2F /* PopoverLearning.swift in Sources */,
				60D4544128A8050800437745 /* GradientsLearning.swift in Sources */,
				602C00E828D68C1F00588C2F /* ExtractSubviewsLearning.swift in Sources */,
				602C00FC28DC5D0800588C2F /* ListLearning.swift in Sources */,
				60D635CF28CD4E1C00F35EE2 /* ScrollViewLearning.swift in Sources */,
				602C00FE28DC6FE600588C2F /* AlertLearning.swift in Sources */,
				6076C6882AD8BC6B004DB63B /* DocumentationLearning.swift in Sources */,
				6011A3C128F45BDA002B2079 /* ToggleLearning.swift in Sources */,
				60D635CB28CD444D00F35EE2 /* InitsAndEnumsLearning.swift in Sources */,
				6011A3BF28F4509F002B2079 /* TextEditorLearning.swift in Sources */,
				608073C52ABB2D6C001BB85A /* ColorPickerLearning.swift in Sources */,
				60D4544328A80E0C00437745 /* IconsLearning.swift in Sources */,
				6011A3BD28F44786002B2079 /* TextFieldLearning.swift in Sources */,
				60AB732F2AD88B3B00A92FF7 /* DatePickerLearning.swift in Sources */,
				602C00E028D66BC100588C2F /* SafeAreaLearning.swift in Sources */,
				602C00E628D6867800588C2F /* ExtractionLearning.swift in Sources */,
				602C00E428D6831900588C2F /* StateLearning.swift in Sources */,
				602C010028DC856100588C2F /* ActionSheetLearning.swift in Sources */,
			);
			runOnlyForDeploymentPostprocessing = 0;
		};
/* End PBXSourcesBuildPhase section */

/* Begin XCBuildConfiguration section */
		600AD35228634D1E000F3632 /* Debug */ = {
			isa = XCBuildConfiguration;
			buildSettings = {
				ALWAYS_SEARCH_USER_PATHS = NO;
				CLANG_ANALYZER_NONNULL = YES;
				CLANG_ANALYZER_NUMBER_OBJECT_CONVERSION = YES_AGGRESSIVE;
				CLANG_CXX_LANGUAGE_STANDARD = "gnu++17";
				CLANG_ENABLE_MODULES = YES;
				CLANG_ENABLE_OBJC_ARC = YES;
				CLANG_ENABLE_OBJC_WEAK = YES;
				CLANG_WARN_BLOCK_CAPTURE_AUTORELEASING = YES;
				CLANG_WARN_BOOL_CONVERSION = YES;
				CLANG_WARN_COMMA = YES;
				CLANG_WARN_CONSTANT_CONVERSION = YES;
				CLANG_WARN_DEPRECATED_OBJC_IMPLEMENTATIONS = YES;
				CLANG_WARN_DIRECT_OBJC_ISA_USAGE = YES_ERROR;
				CLANG_WARN_DOCUMENTATION_COMMENTS = YES;
				CLANG_WARN_EMPTY_BODY = YES;
				CLANG_WARN_ENUM_CONVERSION = YES;
				CLANG_WARN_INFINITE_RECURSION = YES;
				CLANG_WARN_INT_CONVERSION = YES;
				CLANG_WARN_NON_LITERAL_NULL_CONVERSION = YES;
				CLANG_WARN_OBJC_IMPLICIT_RETAIN_SELF = YES;
				CLANG_WARN_OBJC_LITERAL_CONVERSION = YES;
				CLANG_WARN_OBJC_ROOT_CLASS = YES_ERROR;
				CLANG_WARN_QUOTED_INCLUDE_IN_FRAMEWORK_HEADER = YES;
				CLANG_WARN_RANGE_LOOP_ANALYSIS = YES;
				CLANG_WARN_STRICT_PROTOTYPES = YES;
				CLANG_WARN_SUSPICIOUS_MOVE = YES;
				CLANG_WARN_UNGUARDED_AVAILABILITY = YES_AGGRESSIVE;
				CLANG_WARN_UNREACHABLE_CODE = YES;
				CLANG_WARN__DUPLICATE_METHOD_MATCH = YES;
				COPY_PHASE_STRIP = NO;
				DEBUG_INFORMATION_FORMAT = dwarf;
				ENABLE_STRICT_OBJC_MSGSEND = YES;
				ENABLE_TESTABILITY = YES;
				GCC_C_LANGUAGE_STANDARD = gnu11;
				GCC_DYNAMIC_NO_PIC = NO;
				GCC_NO_COMMON_BLOCKS = YES;
				GCC_OPTIMIZATION_LEVEL = 0;
				GCC_PREPROCESSOR_DEFINITIONS = (
					"DEBUG=1",
					"$(inherited)",
				);
				GCC_WARN_64_TO_32_BIT_CONVERSION = YES;
				GCC_WARN_ABOUT_RETURN_TYPE = YES_ERROR;
				GCC_WARN_UNDECLARED_SELECTOR = YES;
				GCC_WARN_UNINITIALIZED_AUTOS = YES_AGGRESSIVE;
				GCC_WARN_UNUSED_FUNCTION = YES;
				GCC_WARN_UNUSED_VARIABLE = YES;
				IPHONEOS_DEPLOYMENT_TARGET = 15.4;
				MTL_ENABLE_DEBUG_INFO = INCLUDE_SOURCE;
				MTL_FAST_MATH = YES;
				ONLY_ACTIVE_ARCH = YES;
				SDKROOT = iphoneos;
				SWIFT_ACTIVE_COMPILATION_CONDITIONS = DEBUG;
				SWIFT_OPTIMIZATION_LEVEL = "-Onone";
			};
			name = Debug;
		};
		600AD35328634D1E000F3632 /* Release */ = {
			isa = XCBuildConfiguration;
			buildSettings = {
				ALWAYS_SEARCH_USER_PATHS = NO;
				CLANG_ANALYZER_NONNULL = YES;
				CLANG_ANALYZER_NUMBER_OBJECT_CONVERSION = YES_AGGRESSIVE;
				CLANG_CXX_LANGUAGE_STANDARD = "gnu++17";
				CLANG_ENABLE_MODULES = YES;
				CLANG_ENABLE_OBJC_ARC = YES;
				CLANG_ENABLE_OBJC_WEAK = YES;
				CLANG_WARN_BLOCK_CAPTURE_AUTORELEASING = YES;
				CLANG_WARN_BOOL_CONVERSION = YES;
				CLANG_WARN_COMMA = YES;
				CLANG_WARN_CONSTANT_CONVERSION = YES;
				CLANG_WARN_DEPRECATED_OBJC_IMPLEMENTATIONS = YES;
				CLANG_WARN_DIRECT_OBJC_ISA_USAGE = YES_ERROR;
				CLANG_WARN_DOCUMENTATION_COMMENTS = YES;
				CLANG_WARN_EMPTY_BODY = YES;
				CLANG_WARN_ENUM_CONVERSION = YES;
				CLANG_WARN_INFINITE_RECURSION = YES;
				CLANG_WARN_INT_CONVERSION = YES;
				CLANG_WARN_NON_LITERAL_NULL_CONVERSION = YES;
				CLANG_WARN_OBJC_IMPLICIT_RETAIN_SELF = YES;
				CLANG_WARN_OBJC_LITERAL_CONVERSION = YES;
				CLANG_WARN_OBJC_ROOT_CLASS = YES_ERROR;
				CLANG_WARN_QUOTED_INCLUDE_IN_FRAMEWORK_HEADER = YES;
				CLANG_WARN_RANGE_LOOP_ANALYSIS = YES;
				CLANG_WARN_STRICT_PROTOTYPES = YES;
				CLANG_WARN_SUSPICIOUS_MOVE = YES;
				CLANG_WARN_UNGUARDED_AVAILABILITY = YES_AGGRESSIVE;
				CLANG_WARN_UNREACHABLE_CODE = YES;
				CLANG_WARN__DUPLICATE_METHOD_MATCH = YES;
				COPY_PHASE_STRIP = NO;
				DEBUG_INFORMATION_FORMAT = "dwarf-with-dsym";
				ENABLE_NS_ASSERTIONS = NO;
				ENABLE_STRICT_OBJC_MSGSEND = YES;
				GCC_C_LANGUAGE_STANDARD = gnu11;
				GCC_NO_COMMON_BLOCKS = YES;
				GCC_WARN_64_TO_32_BIT_CONVERSION = YES;
				GCC_WARN_ABOUT_RETURN_TYPE = YES_ERROR;
				GCC_WARN_UNDECLARED_SELECTOR = YES;
				GCC_WARN_UNINITIALIZED_AUTOS = YES_AGGRESSIVE;
				GCC_WARN_UNUSED_FUNCTION = YES;
				GCC_WARN_UNUSED_VARIABLE = YES;
				IPHONEOS_DEPLOYMENT_TARGET = 15.4;
				MTL_ENABLE_DEBUG_INFO = NO;
				MTL_FAST_MATH = YES;
				SDKROOT = iphoneos;
				SWIFT_COMPILATION_MODE = wholemodule;
				SWIFT_OPTIMIZATION_LEVEL = "-O";
				VALIDATE_PRODUCT = YES;
			};
			name = Release;
		};
		600AD35528634D1E000F3632 /* Debug */ = {
			isa = XCBuildConfiguration;
			buildSettings = {
				ASSETCATALOG_COMPILER_APPICON_NAME = AppIcon;
				ASSETCATALOG_COMPILER_GLOBAL_ACCENT_COLOR_NAME = AccentColor;
				CODE_SIGN_STYLE = Automatic;
				CURRENT_PROJECT_VERSION = 1;
				DEVELOPMENT_ASSET_PATHS = "\"swiftfulb/Preview Content\"";
				DEVELOPMENT_TEAM = 27SFPPJ67T;
				ENABLE_PREVIEWS = YES;
				GENERATE_INFOPLIST_FILE = YES;
				INFOPLIST_KEY_UIApplicationSceneManifest_Generation = YES;
				INFOPLIST_KEY_UIApplicationSupportsIndirectInputEvents = YES;
				INFOPLIST_KEY_UILaunchScreen_Generation = YES;
				INFOPLIST_KEY_UISupportedInterfaceOrientations = UIInterfaceOrientationPortrait;
				INFOPLIST_KEY_UISupportedInterfaceOrientations_iPad = "UIInterfaceOrientationPortrait UIInterfaceOrientationPortraitUpsideDown UIInterfaceOrientationLandscapeLeft UIInterfaceOrientationLandscapeRight";
				INFOPLIST_KEY_UISupportedInterfaceOrientations_iPhone = "UIInterfaceOrientationPortrait UIInterfaceOrientationLandscapeLeft UIInterfaceOrientationLandscapeRight";
				IPHONEOS_DEPLOYMENT_TARGET = 15.0;
				LD_RUNPATH_SEARCH_PATHS = (
					"$(inherited)",
					"@executable_path/Frameworks",
				);
				MARKETING_VERSION = 1.0;
				PRODUCT_BUNDLE_IDENTIFIER = com.fiyi.swiftfulthinkg;
				PRODUCT_NAME = Learning;
				SWIFT_EMIT_LOC_STRINGS = YES;
				SWIFT_VERSION = 5.0;
				TARGETED_DEVICE_FAMILY = 1;
			};
			name = Debug;
		};
		600AD35628634D1E000F3632 /* Release */ = {
			isa = XCBuildConfiguration;
			buildSettings = {
				ASSETCATALOG_COMPILER_APPICON_NAME = AppIcon;
				ASSETCATALOG_COMPILER_GLOBAL_ACCENT_COLOR_NAME = AccentColor;
				CODE_SIGN_STYLE = Automatic;
				CURRENT_PROJECT_VERSION = 1;
				DEVELOPMENT_ASSET_PATHS = "\"swiftfulb/Preview Content\"";
				DEVELOPMENT_TEAM = 27SFPPJ67T;
				ENABLE_PREVIEWS = YES;
				GENERATE_INFOPLIST_FILE = YES;
				INFOPLIST_KEY_UIApplicationSceneManifest_Generation = YES;
				INFOPLIST_KEY_UIApplicationSupportsIndirectInputEvents = YES;
				INFOPLIST_KEY_UILaunchScreen_Generation = YES;
				INFOPLIST_KEY_UISupportedInterfaceOrientations = UIInterfaceOrientationPortrait;
				INFOPLIST_KEY_UISupportedInterfaceOrientations_iPad = "UIInterfaceOrientationPortrait UIInterfaceOrientationPortraitUpsideDown UIInterfaceOrientationLandscapeLeft UIInterfaceOrientationLandscapeRight";
				INFOPLIST_KEY_UISupportedInterfaceOrientations_iPhone = "UIInterfaceOrientationPortrait UIInterfaceOrientationLandscapeLeft UIInterfaceOrientationLandscapeRight";
				IPHONEOS_DEPLOYMENT_TARGET = 15.0;
				LD_RUNPATH_SEARCH_PATHS = (
					"$(inherited)",
					"@executable_path/Frameworks",
				);
				MARKETING_VERSION = 1.0;
				PRODUCT_BUNDLE_IDENTIFIER = com.fiyi.swiftfulthinkg;
				PRODUCT_NAME = Learning;
				SWIFT_EMIT_LOC_STRINGS = YES;
				SWIFT_VERSION = 5.0;
				TARGETED_DEVICE_FAMILY = 1;
			};
			name = Release;
		};
/* End XCBuildConfiguration section */

/* Begin XCConfigurationList section */
		600AD34128634D1C000F3632 /* Build configuration list for PBXProject "swiftfulb" */ = {
			isa = XCConfigurationList;
			buildConfigurations = (
				600AD35228634D1E000F3632 /* Debug */,
				600AD35328634D1E000F3632 /* Release */,
			);
			defaultConfigurationIsVisible = 0;
			defaultConfigurationName = Release;
		};
		600AD35428634D1E000F3632 /* Build configuration list for PBXNativeTarget "swiftfulb" */ = {
			isa = XCConfigurationList;
			buildConfigurations = (
				600AD35528634D1E000F3632 /* Debug */,
				600AD35628634D1E000F3632 /* Release */,
			);
			defaultConfigurationIsVisible = 0;
			defaultConfigurationName = Release;
		};
/* End XCConfigurationList section */
	};
	rootObject = 600AD33E28634D1C000F3632 /* Project object */;
}
